
Microsoft Visual Studio Solution File, Format Version 12.00
# Visual Studio Version 17
VisualStudioVersion = 17.9.34616.47
MinimumVisualStudioVersion = 10.0.40219.1
Project("{FAE04EC0-301F-11D3-BF4B-00C04F79EFBC}") = "BusinessObject", "BusinessObject\BusinessObject.csproj", "{5E45E6D6-D34A-4EFC-8844-95C1BBA7B407}"
EndProject
Project("{FAE04EC0-301F-11D3-BF4B-00C04F79EFBC}") = "DataAccess", "DataAccess\DataAccess.csproj", "{81AE377B-5894-4CDE-AF4F-11C8B7FFDFA2}"
EndProject
Project("{FAE04EC0-301F-11D3-BF4B-00C04F79EFBC}") = "FuMiniHotel", "FuMiniHotel\FuMiniHotel.csproj", "{DA04C166-774A-44B9-BDE2-614614B94914}"
EndProject
Global
	GlobalSection(SolutionConfigurationPlatforms) = preSolution
		Debug|Any CPU = Debug|Any CPU
		Release|Any CPU = Release|Any CPU
	EndGlobalSection
	GlobalSection(ProjectConfigurationPlatforms) = postSolution
		{5E45E6D6-D34A-4EFC-8844-95C1BBA7B407}.Debug|Any CPU.ActiveCfg = Debug|Any CPU
		{5E45E6D6-D34A-4EFC-8844-95C1BBA7B407}.Debug|Any CPU.Build.0 = Debug|Any CPU
		{5E45E6D6-D34A-4EFC-8844-95C1BBA7B407}.Release|Any CPU.ActiveCfg = Release|Any CPU
		{5E45E6D6-D34A-4EFC-8844-95C1BBA7B407}.Release|Any CPU.Build.0 = Release|Any CPU
		{81AE377B-5894-4CDE-AF4F-11C8B7FFDFA2}.Debug|Any CPU.ActiveCfg = Debug|Any CPU
		{81AE377B-5894-4CDE-AF4F-11C8B7FFDFA2}.Debug|Any CPU.Build.0 = Debug|Any CPU
		{81AE377B-5894-4CDE-AF4F-11C8B7FFDFA2}.Release|Any CPU.ActiveCfg = Release|Any CPU
		{81AE377B-5894-4CDE-AF4F-11C8B7FFDFA2}.Release|Any CPU.Build.0 = Release|Any CPU
		{DA04C166-774A-44B9-BDE2-614614B94914}.Debug|Any CPU.ActiveCfg = Debug|Any CPU
		{DA04C166-774A-44B9-BDE2-614614B94914}.Debug|Any CPU.Build.0 = Debug|Any CPU
		{DA04C166-774A-44B9-BDE2-614614B94914}.Release|Any CPU.ActiveCfg = Release|Any CPU
		{DA04C166-774A-44B9-BDE2-614614B94914}.Release|Any CPU.Build.0 = Release|Any CPU
	EndGlobalSection
	GlobalSection(SolutionProperties) = preSolution
		HideSolutionNode = FALSE
	EndGlobalSection
	GlobalSection(ExtensibilityGlobals) = postSolution
		SolutionGuid = {EA1FE1A2-1907-4C7D-BF4F-734AA2311E96}
	EndGlobalSection
EndGlobal
